github.com/apparentlymart/go-textseg/v16 v16.0.0 h1:xD7KZ/8d+ED3d+k78g/2weJEIGzDMreyMqntQymTZB0=
github.com/apparentlymart/go-textseg/v16 v16.0.0/go.mod h1:wCrfQB/AReGqD1ECqVHhhsq7BV2AxUhnirsBLInYHvE=
github.com/cespare/permute/v2 v2.0.0-beta2 h1:iiJWgDsInCbnwfDZiLJX7cVlJevgIM1pUiArcUylUMc=
github.com/cespare/permute/v2 v2.0.0-beta2/go.mod h1:7e2Tqe0fjn1T4rTjDLJjQ+kNtt+UW4B9lg10asqWw0A=
github.com/dpb587/cursorio-go v0.0.0-20250717044249-e1d8c928b30d h1:UxedKtdKz4vyHhlQtjdOx8ogG+y7uhIViUVXM3jSeVY=
github.com/dpb587/cursorio-go v0.0.0-20250717044249-e1d8c928b30d/go.mod h1:YokGb5i31XI0Z+4t8bZxvZecyKY3ddLlih9Rr7eBgW0=
github.com/dpb587/inspecthtml-go v0.0.0-20260127180550-88d5417d3e44 h1:Z+TFLxcKxMiWRjrdAYFKcELLDftGtyqklm6WDkHjAJw=
github.com/dpb587/inspecthtml-go v0.0.0-20260127180550-88d5417d3e44/go.mod h1:STz5Xq0b2UCumUEpt65TTy86vJuq+R5QUyCqGtUVH54=
github.com/dpb587/inspectjson-go v0.0.0-20251203142639-90f1442149fb h1:RiCz/jdb3S2DeKCn/QGIeSvkOcFJW9+yazbSoH0pNCc=
github.com/dpb587/inspectjson-go v0.0.0-20251203142639-90f1442149fb/go.mod h1:FTNc/N87Cz+dccpetYPiSsGpbl/CG7K26PeJSUwT2uQ=
github.com/google/uuid v1.6.0 h1:NIvaJDMOsjHA8n1jAhLSgzrAzy1Hgr+hNrb57e+94F0=
github.com/google/uuid v1.6.0/go.mod h1:TIyPZe4MgqvfeYDBFedMoGGpEw/LqOeaOT+nhxU+yHo=
github.com/tomnomnom/linkheader v0.0.0-20250811210735-e5fe3b51442e h1:tD38/4xg4nuQCASJ/JxcvCHNb46w0cdAaJfkzQOO1bA=
github.com/tomnomnom/linkheader v0.0.0-20250811210735-e5fe3b51442e/go.mod h1:krvJ5AY/MjdPkTeRgMYbIDhbbbVvnPQPzsIsDJO8xrY=
golang.org/x/net v0.47.0 h1:Mx+4dIFzqraBXUugkia1OOvlD6LemFo1ALMHjrXDOhY=
golang.org/x/net v0.47.0/go.mod h1:/jNxtkgq5yWUGYkaZGqo27cfGZ1c5Nen03aYrrKpVRU=
