github.com/apparentlymart/go-textseg/v16 v16.0.0 h1:xD7KZ/8d+ED3d+k78g/2weJEIGzDMreyMqntQymTZB0=
github.com/apparentlymart/go-textseg/v16 v16.0.0/go.mod h1:wCrfQB/AReGqD1ECqVHhhsq7BV2AxUhnirsBLInYHvE=
github.com/dpb587/cursorio-go v0.0.0-20250717044249-e1d8c928b30d h1:UxedKtdKz4vyHhlQtjdOx8ogG+y7uhIViUVXM3jSeVY=
github.com/dpb587/cursorio-go v0.0.0-20250717044249-e1d8c928b30d/go.mod h1:YokGb5i31XI0Z+4t8bZxvZecyKY3ddLlih9Rr7eBgW0=
github.com/dpb587/inspecthtml-go v0.0.0-20250428215612-941e03ce935f h1:n5tj3irBEwcXDPeMXaGraVlg2c7CKJaYXwAPetgcK5o=
github.com/dpb587/inspecthtml-go v0.0.0-20250428215612-941e03ce935f/go.mod h1:STz5Xq0b2UCumUEpt65TTy86vJuq+R5QUyCqGtUVH54=
github.com/dpb587/inspectjson-go v0.0.0-20250717044834-37533a58959e h1:5XejmRgKknWChyA3Un0dREf/9fDCJOoHttb8ks9ZLcw=
github.com/dpb587/inspectjson-go v0.0.0-20250717044834-37533a58959e/go.mod h1:FTNc/N87Cz+dccpetYPiSsGpbl/CG7K26PeJSUwT2uQ=
github.com/dpb587/inspectxml-go v0.0.0-20250415222439-71ac97da5967 h1:eDf5lVry/atdVqikH/ZC+b2uI6AeBdcOsoVaSOiNL/s=
github.com/dpb587/inspectxml-go v0.0.0-20250415222439-71ac97da5967/go.mod h1:+0eCu7F5sPe9eNUj6yhxmqZc0C60jGtbPX2BTFhEjNo=
github.com/tomnomnom/linkheader v0.0.0-20180905144013-02ca5825eb80 h1:nrZ3ySNYwJbSpD6ce9duiP+QkD3JuLCcWkdaehUS/3Y=
github.com/tomnomnom/linkheader v0.0.0-20180905144013-02ca5825eb80/go.mod h1:iFyPdL66DjUD96XmzVL3ZntbzcflLnznH0fr99w5VqE=
golang.org/x/net v0.39.0 h1:ZCu7HMWDxpXpaiKdhzIfaltL9Lp31x/3fCP11bc6/fY=
golang.org/x/net v0.39.0/go.mod h1:X7NRbYVEA+ewNkCNyJ513WmMdQ3BineSwVtN2zD/d+E=
